
Microsoft Visual Studio Solution File, Format Version 11.00
# Visual Studio 2010
Project("{FAE04EC0-301F-11D3-BF4B-00C04F79EFBC}") = "Assembly-CSharp-firstpass", "Assembly-CSharp-firstpass.csproj", "{55522BC5-F091-AED2-4FA9-47B8D9AA0CED}"
EndProject
Project("{FAE04EC0-301F-11D3-BF4B-00C04F79EFBC}") = "Assembly-CSharp", "Assembly-CSharp.csproj", "{B4C7F85E-9DFB-35E1-A3C1-93B71751593E}"
EndProject
Project("{FAE04EC0-301F-11D3-BF4B-00C04F79EFBC}") = "Assembly-CSharp-Editor", "Assembly-CSharp-Editor.csproj", "{B041E390-CE9B-158E-D458-39B3DF45CF75}"
EndProject
Global
	GlobalSection(SolutionConfigurationPlatforms) = preSolution
		Debug|Any CPU = Debug|Any CPU
		Release|Any CPU = Release|Any CPU
	EndGlobalSection
	GlobalSection(ProjectConfigurationPlatforms) = postSolution
		{55522BC5-F091-AED2-4FA9-47B8D9AA0CED}.Debug|Any CPU.ActiveCfg = Debug|Any CPU
		{55522BC5-F091-AED2-4FA9-47B8D9AA0CED}.Debug|Any CPU.Build.0 = Debug|Any CPU
		{55522BC5-F091-AED2-4FA9-47B8D9AA0CED}.Release|Any CPU.ActiveCfg = Release|Any CPU
		{55522BC5-F091-AED2-4FA9-47B8D9AA0CED}.Release|Any CPU.Build.0 = Release|Any CPU
		{B4C7F85E-9DFB-35E1-A3C1-93B71751593E}.Debug|Any CPU.ActiveCfg = Debug|Any CPU
		{B4C7F85E-9DFB-35E1-A3C1-93B71751593E}.Debug|Any CPU.Build.0 = Debug|Any CPU
		{B4C7F85E-9DFB-35E1-A3C1-93B71751593E}.Release|Any CPU.ActiveCfg = Release|Any CPU
		{B4C7F85E-9DFB-35E1-A3C1-93B71751593E}.Release|Any CPU.Build.0 = Release|Any CPU
		{B041E390-CE9B-158E-D458-39B3DF45CF75}.Debug|Any CPU.ActiveCfg = Debug|Any CPU
		{B041E390-CE9B-158E-D458-39B3DF45CF75}.Debug|Any CPU.Build.0 = Debug|Any CPU
		{B041E390-CE9B-158E-D458-39B3DF45CF75}.Release|Any CPU.ActiveCfg = Release|Any CPU
		{B041E390-CE9B-158E-D458-39B3DF45CF75}.Release|Any CPU.Build.0 = Release|Any CPU
	EndGlobalSection
	GlobalSection(SolutionProperties) = preSolution
		HideSolutionNode = FALSE
	EndGlobalSection
EndGlobal
